// !$*UTF8*$!
{
	archiveVersion = 1;
	classes = {
	};
	objectVersion = 56;
	objects = {

/* Begin PBXBuildFile section */
		14B952F02BD31DCF00233259 /* AddTFQuestionView.swift in Sources */ = {isa = PBXBuildFile; fileRef = 14B952EF2BD31DCF00233259 /* AddTFQuestionView.swift */; };
		14B952F22BD31DDF00233259 /* EditTFQuestionView.swift in Sources */ = {isa = PBXBuildFile; fileRef = 14B952F12BD31DDF00233259 /* EditTFQuestionView.swift */; };
		14D84D072BD36828008EFE9D /* Questions.xcdatamodeld in Sources */ = {isa = PBXBuildFile; fileRef = 14D84D052BD36828008EFE9D /* Questions.xcdatamodeld */; };
		295A8B122BD217D700AC37FE /* QuizApp.swift in Sources */ = {isa = PBXBuildFile; fileRef = 295A8B112BD217D700AC37FE /* QuizApp.swift */; };
		295A8B142BD217D700AC37FE /* ContentView.swift in Sources */ = {isa = PBXBuildFile; fileRef = 295A8B132BD217D700AC37FE /* ContentView.swift */; };
		295A8B162BD217D800AC37FE /* Assets.xcassets in Resources */ = {isa = PBXBuildFile; fileRef = 295A8B152BD217D800AC37FE /* Assets.xcassets */; };
		295A8B192BD217D800AC37FE /* Preview Assets.xcassets in Resources */ = {isa = PBXBuildFile; fileRef = 295A8B182BD217D800AC37FE /* Preview Assets.xcassets */; };
		295A8B242BD218F100AC37FE /* DataController.swift in Sources */ = {isa = PBXBuildFile; fileRef = 295A8B232BD218F100AC37FE /* DataController.swift */; };
		295A8B292BD21A7900AC37FE /* MCQuestionView.swift in Sources */ = {isa = PBXBuildFile; fileRef = 295A8B282BD21A7900AC37FE /* MCQuestionView.swift */; };
		295A8B2B2BD21A8400AC37FE /* TFQuestionView.swift in Sources */ = {isa = PBXBuildFile; fileRef = 295A8B2A2BD21A8400AC37FE /* TFQuestionView.swift */; };
		295A8B2D2BD21BA500AC37FE /* AddMCQuestionView.swift in Sources */ = {isa = PBXBuildFile; fileRef = 295A8B2C2BD21BA500AC37FE /* AddMCQuestionView.swift */; };
		295A8B2F2BD21BB900AC37FE /* QuizModel.swift in Sources */ = {isa = PBXBuildFile; fileRef = 295A8B2E2BD21BB900AC37FE /* QuizModel.swift */; };
		295A8B312BD2329400AC37FE /* EditMCQuestionView.swift in Sources */ = {isa = PBXBuildFile; fileRef = 295A8B302BD2329400AC37FE /* EditMCQuestionView.swift */; };
		295A8B332BD23CE000AC37FE /* FBQuestionView.swift in Sources */ = {isa = PBXBuildFile; fileRef = 295A8B322BD23CE000AC37FE /* FBQuestionView.swift */; };
		295A8B352BD23D0C00AC37FE /* AddFBQuestionView.swift in Sources */ = {isa = PBXBuildFile; fileRef = 295A8B342BD23D0C00AC37FE /* AddFBQuestionView.swift */; };
		295A8B372BD23D1900AC37FE /* EditFBQuestionView.swift in Sources */ = {isa = PBXBuildFile; fileRef = 295A8B362BD23D1900AC37FE /* EditFBQuestionView.swift */; };
/* End PBXBuildFile section */

/* Begin PBXFileReference section */
		14B952EF2BD31DCF00233259 /* AddTFQuestionView.swift */ = {isa = PBXFileReference; lastKnownFileType = sourcecode.swift; path = AddTFQuestionView.swift; sourceTree = "<group>"; };
		14B952F12BD31DDF00233259 /* EditTFQuestionView.swift */ = {isa = PBXFileReference; lastKnownFileType = sourcecode.swift; path = EditTFQuestionView.swift; sourceTree = "<group>"; };
		14D84D062BD36828008EFE9D /* Questions.xcdatamodel */ = {isa = PBXFileReference; lastKnownFileType = wrapper.xcdatamodel; path = Questions.xcdatamodel; sourceTree = "<group>"; };
		295A8B0E2BD217D700AC37FE /* Quiz.app */ = {isa = PBXFileReference; explicitFileType = wrapper.application; includeInIndex = 0; path = Quiz.app; sourceTree = BUILT_PRODUCTS_DIR; };
		295A8B112BD217D700AC37FE /* QuizApp.swift */ = {isa = PBXFileReference; lastKnownFileType = sourcecode.swift; path = QuizApp.swift; sourceTree = "<group>"; };
		295A8B132BD217D700AC37FE /* ContentView.swift */ = {isa = PBXFileReference; lastKnownFileType = sourcecode.swift; path = ContentView.swift; sourceTree = "<group>"; };
		295A8B152BD217D800AC37FE /* Assets.xcassets */ = {isa = PBXFileReference; lastKnownFileType = folder.assetcatalog; path = Assets.xcassets; sourceTree = "<group>"; };
		295A8B182BD217D800AC37FE /* Preview Assets.xcassets */ = {isa = PBXFileReference; lastKnownFileType = folder.assetcatalog; path = "Preview Assets.xcassets"; sourceTree = "<group>"; };
		295A8B232BD218F100AC37FE /* DataController.swift */ = {isa = PBXFileReference; lastKnownFileType = sourcecode.swift; path = DataController.swift; sourceTree = "<group>"; };
		295A8B282BD21A7900AC37FE /* MCQuestionView.swift */ = {isa = PBXFileReference; lastKnownFileType = sourcecode.swift; path = MCQuestionView.swift; sourceTree = "<group>"; };
		295A8B2A2BD21A8400AC37FE /* TFQuestionView.swift */ = {isa = PBXFileReference; lastKnownFileType = sourcecode.swift; path = TFQuestionView.swift; sourceTree = "<group>"; };
		295A8B2C2BD21BA500AC37FE /* AddMCQuestionView.swift */ = {isa = PBXFileReference; lastKnownFileType = sourcecode.swift; path = AddMCQuestionView.swift; sourceTree = "<group>"; };
		295A8B2E2BD21BB900AC37FE /* QuizModel.swift */ = {isa = PBXFileReference; lastKnownFileType = sourcecode.swift; path = QuizModel.swift; sourceTree = "<group>"; };
		295A8B302BD2329400AC37FE /* EditMCQuestionView.swift */ = {isa = PBXFileReference; lastKnownFileType = sourcecode.swift; path = EditMCQuestionView.swift; sourceTree = "<group>"; };
		295A8B322BD23CE000AC37FE /* FBQuestionView.swift */ = {isa = PBXFileReference; lastKnownFileType = sourcecode.swift; path = FBQuestionView.swift; sourceTree = "<group>"; };
		295A8B342BD23D0C00AC37FE /* AddFBQuestionView.swift */ = {isa = PBXFileReference; lastKnownFileType = sourcecode.swift; path = AddFBQuestionView.swift; sourceTree = "<group>"; };
		295A8B362BD23D1900AC37FE /* EditFBQuestionView.swift */ = {isa = PBXFileReference; lastKnownFileType = sourcecode.swift; path = EditFBQuestionView.swift; sourceTree = "<group>"; };
/* End PBXFileReference section */

/* Begin PBXFrameworksBuildPhase section */
		295A8B0B2BD217D700AC37FE /* Frameworks */ = {
			isa = PBXFrameworksBuildPhase;
			buildActionMask = 2147483647;
			files = (
			);
			runOnlyForDeploymentPostprocessing = 0;
		};
/* End PBXFrameworksBuildPhase section */

/* Begin PBXGroup section */
		14B952F32BD31DF900233259 /* MC */ = {
			isa = PBXGroup;
			children = (
				295A8B282BD21A7900AC37FE /* MCQuestionView.swift */,
				295A8B2C2BD21BA500AC37FE /* AddMCQuestionView.swift */,
				295A8B302BD2329400AC37FE /* EditMCQuestionView.swift */,
			);
			path = MC;
			sourceTree = "<group>";
		};
		14B952F42BD31E0A00233259 /* TF */ = {
			isa = PBXGroup;
			children = (
				295A8B2A2BD21A8400AC37FE /* TFQuestionView.swift */,
				14B952EF2BD31DCF00233259 /* AddTFQuestionView.swift */,
				14B952F12BD31DDF00233259 /* EditTFQuestionView.swift */,
			);
			path = TF;
			sourceTree = "<group>";
		};
		14B952F52BD31E1200233259 /* FB */ = {
			isa = PBXGroup;
			children = (
				295A8B322BD23CE000AC37FE /* FBQuestionView.swift */,
				295A8B342BD23D0C00AC37FE /* AddFBQuestionView.swift */,
				295A8B362BD23D1900AC37FE /* EditFBQuestionView.swift */,
			);
			path = FB;
			sourceTree = "<group>";
		};
		295A8B052BD217D700AC37FE = {
			isa = PBXGroup;
			children = (
				295A8B102BD217D700AC37FE /* Quiz */,
				295A8B0F2BD217D700AC37FE /* Products */,
			);
			sourceTree = "<group>";
		};
		295A8B0F2BD217D700AC37FE /* Products */ = {
			isa = PBXGroup;
			children = (
				295A8B0E2BD217D700AC37FE /* Quiz.app */,
			);
			name = Products;
			sourceTree = "<group>";
		};
		295A8B102BD217D700AC37FE /* Quiz */ = {
			isa = PBXGroup;
			children = (
				295A8B112BD217D700AC37FE /* QuizApp.swift */,
				295A8B2E2BD21BB900AC37FE /* QuizModel.swift */,
				295A8B252BD21A5400AC37FE /* View */,
				295A8B1F2BD2180700AC37FE /* DataModel */,
				295A8B152BD217D800AC37FE /* Assets.xcassets */,
				295A8B172BD217D800AC37FE /* Preview Content */,
			);
			path = Quiz;
			sourceTree = "<group>";
		};
		295A8B172BD217D800AC37FE /* Preview Content */ = {
			isa = PBXGroup;
			children = (
				295A8B182BD217D800AC37FE /* Preview Assets.xcassets */,
			);
			path = "Preview Content";
			sourceTree = "<group>";
		};
		295A8B1F2BD2180700AC37FE /* DataModel */ = {
			isa = PBXGroup;
			children = (
				14D84D052BD36828008EFE9D /* Questions.xcdatamodeld */,
				295A8B232BD218F100AC37FE /* DataController.swift */,
			);
			path = DataModel;
			sourceTree = "<group>";
		};
		295A8B252BD21A5400AC37FE /* View */ = {
			isa = PBXGroup;
			children = (
				295A8B132BD217D700AC37FE /* ContentView.swift */,
				14B952F32BD31DF900233259 /* MC */,
				14B952F42BD31E0A00233259 /* TF */,
				14B952F52BD31E1200233259 /* FB */,
			);
			path = View;
			sourceTree = "<group>";
		};
/* End PBXGroup section */

/* Begin PBXNativeTarget section */
		295A8B0D2BD217D700AC37FE /* Quiz */ = {
			isa = PBXNativeTarget;
			buildConfigurationList = 295A8B1C2BD217D800AC37FE /* Build configuration list for PBXNativeTarget "Quiz" */;
			buildPhases = (
				295A8B0A2BD217D700AC37FE /* Sources */,
				295A8B0B2BD217D700AC37FE /* Frameworks */,
				295A8B0C2BD217D700AC37FE /* Resources */,
			);
			buildRules = (
			);
			dependencies = (
			);
			name = Quiz;
			productName = Quiz;
			productReference = 295A8B0E2BD217D700AC37FE /* Quiz.app */;
			productType = "com.apple.product-type.application";
		};
/* End PBXNativeTarget section */

/* Begin PBXProject section */
		295A8B062BD217D700AC37FE /* Project object */ = {
			isa = PBXProject;
			attributes = {
				BuildIndependentTargetsInParallel = 1;
				LastSwiftUpdateCheck = 1530;
				LastUpgradeCheck = 1530;
				TargetAttributes = {
					295A8B0D2BD217D700AC37FE = {
						CreatedOnToolsVersion = 15.3;
					};
				};
			};
			buildConfigurationList = 295A8B092BD217D700AC37FE /* Build configuration list for PBXProject "Quiz" */;
			compatibilityVersion = "Xcode 14.0";
			developmentRegion = en;
			hasScannedForEncodings = 0;
			knownRegions = (
				en,
				Base,
			);
			mainGroup = 295A8B052BD217D700AC37FE;
			productRefGroup = 295A8B0F2BD217D700AC37FE /* Products */;
			projectDirPath = "";
			projectRoot = "";
			targets = (
				295A8B0D2BD217D700AC37FE /* Quiz */,
			);
		};
/* End PBXProject section */

/* Begin PBXResourcesBuildPhase section */
		295A8B0C2BD217D700AC37FE /* Resources */ = {
			isa = PBXResourcesBuildPhase;
			buildActionMask = 2147483647;
			files = (
				295A8B192BD217D800AC37FE /* Preview Assets.xcassets in Resources */,
				295A8B162BD217D800AC37FE /* Assets.xcassets in Resources */,
			);
			runOnlyForDeploymentPostprocessing = 0;
		};
/* End PBXResourcesBuildPhase section */

/* Begin PBXSourcesBuildPhase section */
		295A8B0A2BD217D700AC37FE /* Sources */ = {
			isa = PBXSourcesBuildPhase;
			buildActionMask = 2147483647;
			files = (
				14B952F22BD31DDF00233259 /* EditTFQuestionView.swift in Sources */,
				295A8B332BD23CE000AC37FE /* FBQuestionView.swift in Sources */,
				295A8B2B2BD21A8400AC37FE /* TFQuestionView.swift in Sources */,
				295A8B2D2BD21BA500AC37FE /* AddMCQuestionView.swift in Sources */,
				295A8B372BD23D1900AC37FE /* EditFBQuestionView.swift in Sources */,
				295A8B242BD218F100AC37FE /* DataController.swift in Sources */,
				295A8B2F2BD21BB900AC37FE /* QuizModel.swift in Sources */,
				295A8B142BD217D700AC37FE /* ContentView.swift in Sources */,
				14B952F02BD31DCF00233259 /* AddTFQuestionView.swift in Sources */,
				295A8B312BD2329400AC37FE /* EditMCQuestionView.swift in Sources */,
				295A8B352BD23D0C00AC37FE /* AddFBQuestionView.swift in Sources */,
				14D84D072BD36828008EFE9D /* Questions.xcdatamodeld in Sources */,
				295A8B122BD217D700AC37FE /* QuizApp.swift in Sources */,
				295A8B292BD21A7900AC37FE /* MCQuestionView.swift in Sources */,
			);
			runOnlyForDeploymentPostprocessing = 0;
		};
/* End PBXSourcesBuildPhase section */

/* Begin XCBuildConfiguration section */
		295A8B1A2BD217D800AC37FE /* Debug */ = {
			isa = XCBuildConfiguration;
			buildSettings = {
				ALWAYS_SEARCH_USER_PATHS = NO;
				ASSETCATALOG_COMPILER_GENERATE_SWIFT_ASSET_SYMBOL_EXTENSIONS = YES;
				CLANG_ANALYZER_NONNULL = YES;
				CLANG_ANALYZER_NUMBER_OBJECT_CONVERSION = YES_AGGRESSIVE;
				CLANG_CXX_LANGUAGE_STANDARD = "gnu++20";
				CLANG_ENABLE_MODULES = YES;
				CLANG_ENABLE_OBJC_ARC = YES;
				CLANG_ENABLE_OBJC_WEAK = YES;
				CLANG_WARN_BLOCK_CAPTURE_AUTORELEASING = YES;
				CLANG_WARN_BOOL_CONVERSION = YES;
				CLANG_WARN_COMMA = YES;
				CLANG_WARN_CONSTANT_CONVERSION = YES;
				CLANG_WARN_DEPRECATED_OBJC_IMPLEMENTATIONS = YES;
				CLANG_WARN_DIRECT_OBJC_ISA_USAGE = YES_ERROR;
				CLANG_WARN_DOCUMENTATION_COMMENTS = YES;
				CLANG_WARN_EMPTY_BODY = YES;
				CLANG_WARN_ENUM_CONVERSION = YES;
				CLANG_WARN_INFINITE_RECURSION = YES;
				CLANG_WARN_INT_CONVERSION = YES;
				CLANG_WARN_NON_LITERAL_NULL_CONVERSION = YES;
				CLANG_WARN_OBJC_IMPLICIT_RETAIN_SELF = YES;
				CLANG_WARN_OBJC_LITERAL_CONVERSION = YES;
				CLANG_WARN_OBJC_ROOT_CLASS = YES_ERROR;
				CLANG_WARN_QUOTED_INCLUDE_IN_FRAMEWORK_HEADER = YES;
				CLANG_WARN_RANGE_LOOP_ANALYSIS = YES;
				CLANG_WARN_STRICT_PROTOTYPES = YES;
				CLANG_WARN_SUSPICIOUS_MOVE = YES;
				CLANG_WARN_UNGUARDED_AVAILABILITY = YES_AGGRESSIVE;
				CLANG_WARN_UNREACHABLE_CODE = YES;
				CLANG_WARN__DUPLICATE_METHOD_MATCH = YES;
				COPY_PHASE_STRIP = NO;
				DEBUG_INFORMATION_FORMAT = dwarf;
				ENABLE_STRICT_OBJC_MSGSEND = YES;
				ENABLE_TESTABILITY = YES;
				ENABLE_USER_SCRIPT_SANDBOXING = YES;
				GCC_C_LANGUAGE_STANDARD = gnu17;
				GCC_DYNAMIC_NO_PIC = NO;
				GCC_NO_COMMON_BLOCKS = YES;
				GCC_OPTIMIZATION_LEVEL = 0;
				GCC_PREPROCESSOR_DEFINITIONS = (
					"DEBUG=1",
					"$(inherited)",
				);
				GCC_WARN_64_TO_32_BIT_CONVERSION = YES;
				GCC_WARN_ABOUT_RETURN_TYPE = YES_ERROR;
				GCC_WARN_UNDECLARED_SELECTOR = YES;
				GCC_WARN_UNINITIALIZED_AUTOS = YES_AGGRESSIVE;
				GCC_WARN_UNUSED_FUNCTION = YES;
				GCC_WARN_UNUSED_VARIABLE = YES;
				IPHONEOS_DEPLOYMENT_TARGET = 17.4;
				LOCALIZATION_PREFERS_STRING_CATALOGS = YES;
				MTL_ENABLE_DEBUG_INFO = INCLUDE_SOURCE;
				MTL_FAST_MATH = YES;
				ONLY_ACTIVE_ARCH = YES;
				SDKROOT = iphoneos;
				SWIFT_ACTIVE_COMPILATION_CONDITIONS = "DEBUG $(inherited)";
				SWIFT_OPTIMIZATION_LEVEL = "-Onone";
			};
			name = Debug;
		};
		295A8B1B2BD217D800AC37FE /* Release */ = {
			isa = XCBuildConfiguration;
			buildSettings = {
				ALWAYS_SEARCH_USER_PATHS = NO;
				ASSETCATALOG_COMPILER_GENERATE_SWIFT_ASSET_SYMBOL_EXTENSIONS = YES;
				CLANG_ANALYZER_NONNULL = YES;
				CLANG_ANALYZER_NUMBER_OBJECT_CONVERSION = YES_AGGRESSIVE;
				CLANG_CXX_LANGUAGE_STANDARD = "gnu++20";
				CLANG_ENABLE_MODULES = YES;
				CLANG_ENABLE_OBJC_ARC = YES;
				CLANG_ENABLE_OBJC_WEAK = YES;
				CLANG_WARN_BLOCK_CAPTURE_AUTORELEASING = YES;
				CLANG_WARN_BOOL_CONVERSION = YES;
				CLANG_WARN_COMMA = YES;
				CLANG_WARN_CONSTANT_CONVERSION = YES;
				CLANG_WARN_DEPRECATED_OBJC_IMPLEMENTATIONS = YES;
				CLANG_WARN_DIRECT_OBJC_ISA_USAGE = YES_ERROR;
				CLANG_WARN_DOCUMENTATION_COMMENTS = YES;
				CLANG_WARN_EMPTY_BODY = YES;
				CLANG_WARN_ENUM_CONVERSION = YES;
				CLANG_WARN_INFINITE_RECURSION = YES;
				CLANG_WARN_INT_CONVERSION = YES;
				CLANG_WARN_NON_LITERAL_NULL_CONVERSION = YES;
				CLANG_WARN_OBJC_IMPLICIT_RETAIN_SELF = YES;
				CLANG_WARN_OBJC_LITERAL_CONVERSION = YES;
				CLANG_WARN_OBJC_ROOT_CLASS = YES_ERROR;
				CLANG_WARN_QUOTED_INCLUDE_IN_FRAMEWORK_HEADER = YES;
				CLANG_WARN_RANGE_LOOP_ANALYSIS = YES;
				CLANG_WARN_STRICT_PROTOTYPES = YES;
				CLANG_WARN_SUSPICIOUS_MOVE = YES;
				CLANG_WARN_UNGUARDED_AVAILABILITY = YES_AGGRESSIVE;
				CLANG_WARN_UNREACHABLE_CODE = YES;
				CLANG_WARN__DUPLICATE_METHOD_MATCH = YES;
				COPY_PHASE_STRIP = NO;
				DEBUG_INFORMATION_FORMAT = "dwarf-with-dsym";
				ENABLE_NS_ASSERTIONS = NO;
				ENABLE_STRICT_OBJC_MSGSEND = YES;
				ENABLE_USER_SCRIPT_SANDBOXING = YES;
				GCC_C_LANGUAGE_STANDARD = gnu17;
				GCC_NO_COMMON_BLOCKS = YES;
				GCC_WARN_64_TO_32_BIT_CONVERSION = YES;
				GCC_WARN_ABOUT_RETURN_TYPE = YES_ERROR;
				GCC_WARN_UNDECLARED_SELECTOR = YES;
				GCC_WARN_UNINITIALIZED_AUTOS = YES_AGGRESSIVE;
				GCC_WARN_UNUSED_FUNCTION = YES;
				GCC_WARN_UNUSED_VARIABLE = YES;
				IPHONEOS_DEPLOYMENT_TARGET = 17.4;
				LOCALIZATION_PREFERS_STRING_CATALOGS = YES;
				MTL_ENABLE_DEBUG_INFO = NO;
				MTL_FAST_MATH = YES;
				SDKROOT = iphoneos;
				SWIFT_COMPILATION_MODE = wholemodule;
				VALIDATE_PRODUCT = YES;
			};
			name = Release;
		};
		295A8B1D2BD217D800AC37FE /* Debug */ = {
			isa = XCBuildConfiguration;
			buildSettings = {
				ASSETCATALOG_COMPILER_APPICON_NAME = AppIcon;
				ASSETCATALOG_COMPILER_GLOBAL_ACCENT_COLOR_NAME = AccentColor;
				CODE_SIGN_STYLE = Automatic;
				CURRENT_PROJECT_VERSION = 1;
				DEVELOPMENT_ASSET_PATHS = "\"Quiz/Preview Content\"";
				ENABLE_PREVIEWS = YES;
				GENERATE_INFOPLIST_FILE = YES;
				INFOPLIST_KEY_UIApplicationSceneManifest_Generation = YES;
				INFOPLIST_KEY_UIApplicationSupportsIndirectInputEvents = YES;
				INFOPLIST_KEY_UILaunchScreen_Generation = YES;
				INFOPLIST_KEY_UISupportedInterfaceOrientations_iPad = "UIInterfaceOrientationPortrait UIInterfaceOrientationPortraitUpsideDown UIInterfaceOrientationLandscapeLeft UIInterfaceOrientationLandscapeRight";
				INFOPLIST_KEY_UISupportedInterfaceOrientations_iPhone = "UIInterfaceOrientationPortrait UIInterfaceOrientationLandscapeLeft UIInterfaceOrientationLandscapeRight";
				LD_RUNPATH_SEARCH_PATHS = (
					"$(inherited)",
					"@executable_path/Frameworks",
				);
				MARKETING_VERSION = 1.0;
				PRODUCT_BUNDLE_IDENTIFIER = ComputerSecurity.Quiz;
				PRODUCT_NAME = "$(TARGET_NAME)";
				SWIFT_EMIT_LOC_STRINGS = YES;
				SWIFT_VERSION = 5.0;
				TARGETED_DEVICE_FAMILY = "1,2";
			};
			name = Debug;
		};
		295A8B1E2BD217D800AC37FE /* Release */ = {
			isa = XCBuildConfiguration;
			buildSettings = {
				ASSETCATALOG_COMPILER_APPICON_NAME = AppIcon;
				ASSETCATALOG_COMPILER_GLOBAL_ACCENT_COLOR_NAME = AccentColor;
				CODE_SIGN_STYLE = Automatic;
				CURRENT_PROJECT_VERSION = 1;
				DEVELOPMENT_ASSET_PATHS = "\"Quiz/Preview Content\"";
				ENABLE_PREVIEWS = YES;
				GENERATE_INFOPLIST_FILE = YES;
				INFOPLIST_KEY_UIApplicationSceneManifest_Generation = YES;
				INFOPLIST_KEY_UIApplicationSupportsIndirectInputEvents = YES;
				INFOPLIST_KEY_UILaunchScreen_Generation = YES;
				INFOPLIST_KEY_UISupportedInterfaceOrientations_iPad = "UIInterfaceOrientationPortrait UIInterfaceOrientationPortraitUpsideDown UIInterfaceOrientationLandscapeLeft UIInterfaceOrientationLandscapeRight";
				INFOPLIST_KEY_UISupportedInterfaceOrientations_iPhone = "UIInterfaceOrientationPortrait UIInterfaceOrientationLandscapeLeft UIInterfaceOrientationLandscapeRight";
				LD_RUNPATH_SEARCH_PATHS = (
					"$(inherited)",
					"@executable_path/Frameworks",
				);
				MARKETING_VERSION = 1.0;
				PRODUCT_BUNDLE_IDENTIFIER = ComputerSecurity.Quiz;
				PRODUCT_NAME = "$(TARGET_NAME)";
				SWIFT_EMIT_LOC_STRINGS = YES;
				SWIFT_VERSION = 5.0;
				TARGETED_DEVICE_FAMILY = "1,2";
			};
			name = Release;
		};
/* End XCBuildConfiguration section */

/* Begin XCConfigurationList section */
		295A8B092BD217D700AC37FE /* Build configuration list for PBXProject "Quiz" */ = {
			isa = XCConfigurationList;
			buildConfigurations = (
				295A8B1A2BD217D800AC37FE /* Debug */,
				295A8B1B2BD217D800AC37FE /* Release */,
			);
			defaultConfigurationIsVisible = 0;
			defaultConfigurationName = Release;
		};
		295A8B1C2BD217D800AC37FE /* Build configuration list for PBXNativeTarget "Quiz" */ = {
			isa = XCConfigurationList;
			buildConfigurations = (
				295A8B1D2BD217D800AC37FE /* Debug */,
				295A8B1E2BD217D800AC37FE /* Release */,
			);
			defaultConfigurationIsVisible = 0;
			defaultConfigurationName = Release;
		};
/* End XCConfigurationList section */

/* Begin XCVersionGroup section */
		14D84D052BD36828008EFE9D /* Questions.xcdatamodeld */ = {
			isa = XCVersionGroup;
			children = (
				14D84D062BD36828008EFE9D /* Questions.xcdatamodel */,
			);
			currentVersion = 14D84D062BD36828008EFE9D /* Questions.xcdatamodel */;
			name = Questions.xcdatamodeld;
			path = "/Users/kentoakazawa/Library/CloudStorage/OneDrive-Personal/2024 Spring/Computer Security/Quiz/Quiz/DataModel/Questions.xcdatamodeld";
			sourceTree = "<group>";
			versionGroupType = wrapper.xcdatamodel;
		};
/* End XCVersionGroup section */
	};
	rootObject = 295A8B062BD217D700AC37FE /* Project object */;
}
